// !$*UTF8*$!
{
	archiveVersion = 1;
	classes = {
	};
	objectVersion = 48;
	objects = {

/* Begin PBXBuildFile section */
		0767BAD7212DBC7E005E5E14 /* level.cpp in Sources */ = {isa = PBXBuildFile; fileRef = 0767BAD5212DBC7E005E5E14 /* level.cpp */; };
		076D633A212A534C005804A4 /* SDL2.framework in Frameworks */ = {isa = PBXBuildFile; fileRef = 076D6339212A534C005804A4 /* SDL2.framework */; };
		076D6342212A5614005804A4 /* main.cpp in Sources */ = {isa = PBXBuildFile; fileRef = 076D6340212A5614005804A4 /* main.cpp */; };
		076D6346212A5667005804A4 /* game.cpp in Sources */ = {isa = PBXBuildFile; fileRef = 076D6344212A5667005804A4 /* game.cpp */; };
		076D634F212A5AB1005804A4 /* makefile in Sources */ = {isa = PBXBuildFile; fileRef = 076D634E212A5AB1005804A4 /* makefile */; };
		07B573A7212B1A0A007924D0 /* graphics.cpp in Sources */ = {isa = PBXBuildFile; fileRef = 07B573A5212B1A0A007924D0 /* graphics.cpp */; };
		07BD84BF212B9623004AFA3B /* input.cpp in Sources */ = {isa = PBXBuildFile; fileRef = 07BD84BD212B9623004AFA3B /* input.cpp */; };
		07BD84C4212BB66C004AFA3B /* SDL2_image.framework in Frameworks */ = {isa = PBXBuildFile; fileRef = 07BD84C3212BB66C004AFA3B /* SDL2_image.framework */; };
		07BD84C7212BBA19004AFA3B /* sprite.cpp in Sources */ = {isa = PBXBuildFile; fileRef = 07BD84C5212BBA19004AFA3B /* sprite.cpp */; };
		07C9382D212C8DA700D7A816 /* animatedSprite.cpp in Sources */ = {isa = PBXBuildFile; fileRef = 07C9382B212C8DA700D7A816 /* animatedSprite.cpp */; };
		07C93830212CF0A800D7A816 /* player.cpp in Sources */ = {isa = PBXBuildFile; fileRef = 07C9382E212CF0A800D7A816 /* player.cpp */; };
/* End PBXBuildFile section */

/* Begin PBXCopyFilesBuildPhase section */
		076D632C212A5305005804A4 /* CopyFiles */ = {
			isa = PBXCopyFilesBuildPhase;
			buildActionMask = 2147483647;
			dstPath = /usr/share/man/man1/;
			dstSubfolderSpec = 0;
			files = (
			);
			runOnlyForDeploymentPostprocessing = 1;
		};
/* End PBXCopyFilesBuildPhase section */

/* Begin PBXFileReference section */
		0767BAD5212DBC7E005E5E14 /* level.cpp */ = {isa = PBXFileReference; lastKnownFileType = sourcecode.cpp.cpp; path = level.cpp; sourceTree = "<group>"; };
		0767BAD6212DBC7E005E5E14 /* level.hpp */ = {isa = PBXFileReference; lastKnownFileType = sourcecode.cpp.h; path = level.hpp; sourceTree = "<group>"; };
		0767BAD9212DBF66005E5E14 /* bkBlue.png */ = {isa = PBXFileReference; lastKnownFileType = image.png; path = bkBlue.png; sourceTree = "<group>"; };
		076D632E212A5305005804A4 /* Cave_Story */ = {isa = PBXFileReference; explicitFileType = "compiled.mach-o.executable"; includeInIndex = 0; path = Cave_Story; sourceTree = BUILT_PRODUCTS_DIR; };
		076D6339212A534C005804A4 /* SDL2.framework */ = {isa = PBXFileReference; lastKnownFileType = wrapper.framework; name = SDL2.framework; path = ../../../../Library/Frameworks/SDL2.framework; sourceTree = "<group>"; };
		076D6340212A5614005804A4 /* main.cpp */ = {isa = PBXFileReference; lastKnownFileType = sourcecode.cpp.cpp; path = main.cpp; sourceTree = "<group>"; };
		076D6344212A5667005804A4 /* game.cpp */ = {isa = PBXFileReference; lastKnownFileType = sourcecode.cpp.cpp; path = game.cpp; sourceTree = "<group>"; };
		076D6345212A5667005804A4 /* game.hpp */ = {isa = PBXFileReference; lastKnownFileType = sourcecode.cpp.h; path = game.hpp; sourceTree = "<group>"; };
		076D634E212A5AB1005804A4 /* makefile */ = {isa = PBXFileReference; lastKnownFileType = sourcecode.make; path = makefile; sourceTree = "<group>"; };
		07B573A1212B1935007924D0 /* README.md */ = {isa = PBXFileReference; lastKnownFileType = net.daringfireball.markdown; path = README.md; sourceTree = "<group>"; };
		07B573A2212B1935007924D0 /* MyChar.bmp */ = {isa = PBXFileReference; lastKnownFileType = image.bmp; path = MyChar.bmp; sourceTree = "<group>"; };
		07B573A3212B1935007924D0 /* bkBlue.bmp */ = {isa = PBXFileReference; lastKnownFileType = image.bmp; path = bkBlue.bmp; sourceTree = "<group>"; };
		07B573A4212B1935007924D0 /* PrtCave.bmp */ = {isa = PBXFileReference; lastKnownFileType = image.bmp; path = PrtCave.bmp; sourceTree = "<group>"; };
		07B573A5212B1A0A007924D0 /* graphics.cpp */ = {isa = PBXFileReference; lastKnownFileType = sourcecode.cpp.cpp; path = graphics.cpp; sourceTree = "<group>"; };
		07B573A6212B1A0A007924D0 /* graphics.hpp */ = {isa = PBXFileReference; lastKnownFileType = sourcecode.cpp.h; path = graphics.hpp; sourceTree = "<group>"; };
		07BD84BD212B9623004AFA3B /* input.cpp */ = {isa = PBXFileReference; lastKnownFileType = sourcecode.cpp.cpp; path = input.cpp; sourceTree = "<group>"; };
		07BD84BE212B9623004AFA3B /* input.hpp */ = {isa = PBXFileReference; lastKnownFileType = sourcecode.cpp.h; path = input.hpp; sourceTree = "<group>"; };
		07BD84C1212BB4B8004AFA3B /* MyChar.pbm */ = {isa = PBXFileReference; lastKnownFileType = file; path = MyChar.pbm; sourceTree = "<group>"; };
		07BD84C2212BB54F004AFA3B /* MyChar.png */ = {isa = PBXFileReference; lastKnownFileType = image.png; path = MyChar.png; sourceTree = "<group>"; };
		07BD84C3212BB66C004AFA3B /* SDL2_image.framework */ = {isa = PBXFileReference; lastKnownFileType = wrapper.framework; name = SDL2_image.framework; path = ../../../../Library/Frameworks/SDL2_image.framework; sourceTree = "<group>"; };
		07BD84C5212BBA19004AFA3B /* sprite.cpp */ = {isa = PBXFileReference; lastKnownFileType = sourcecode.cpp.cpp; path = sprite.cpp; sourceTree = "<group>"; };
		07BD84C6212BBA19004AFA3B /* sprite.hpp */ = {isa = PBXFileReference; lastKnownFileType = sourcecode.cpp.h; path = sprite.hpp; sourceTree = "<group>"; };
		07BD84C8212BBEC8004AFA3B /* globals.h */ = {isa = PBXFileReference; lastKnownFileType = sourcecode.c.h; path = globals.h; sourceTree = "<group>"; };
		07C9382B212C8DA700D7A816 /* animatedSprite.cpp */ = {isa = PBXFileReference; lastKnownFileType = sourcecode.cpp.cpp; path = animatedSprite.cpp; sourceTree = "<group>"; };
		07C9382C212C8DA700D7A816 /* animatedSprite.hpp */ = {isa = PBXFileReference; lastKnownFileType = sourcecode.cpp.h; path = animatedSprite.hpp; sourceTree = "<group>"; };
		07C9382E212CF0A800D7A816 /* player.cpp */ = {isa = PBXFileReference; lastKnownFileType = sourcecode.cpp.cpp; path = player.cpp; sourceTree = "<group>"; };
		07C9382F212CF0A800D7A816 /* player.hpp */ = {isa = PBXFileReference; lastKnownFileType = sourcecode.cpp.h; path = player.hpp; sourceTree = "<group>"; };
/* End PBXFileReference section */

/* Begin PBXFrameworksBuildPhase section */
		076D632B212A5305005804A4 /* Frameworks */ = {
			isa = PBXFrameworksBuildPhase;
			buildActionMask = 2147483647;
			files = (
				07BD84C4212BB66C004AFA3B /* SDL2_image.framework in Frameworks */,
				076D633A212A534C005804A4 /* SDL2.framework in Frameworks */,
			);
			runOnlyForDeploymentPostprocessing = 0;
		};
/* End PBXFrameworksBuildPhase section */

/* Begin PBXGroup section */
		0767BAD8212DBF1E005E5E14 /* backgrounds */ = {
			isa = PBXGroup;
			children = (
				0767BAD9212DBF66005E5E14 /* bkBlue.png */,
				07B573A3212B1935007924D0 /* bkBlue.bmp */,
			);
			path = backgrounds;
			sourceTree = "<group>";
		};
		076D6325212A5305005804A4 = {
			isa = PBXGroup;
			children = (
				076D6330212A5305005804A4 /* Cave_Story */,
				076D632F212A5305005804A4 /* Products */,
				076D6338212A534C005804A4 /* Frameworks */,
			);
			sourceTree = "<group>";
		};
		076D632F212A5305005804A4 /* Products */ = {
			isa = PBXGroup;
			children = (
				076D632E212A5305005804A4 /* Cave_Story */,
			);
			name = Products;
			sourceTree = "<group>";
		};
		076D6330212A5305005804A4 /* Cave_Story */ = {
			isa = PBXGroup;
			children = (
				076D634A212A57AB005804A4 /* content */,
				076D6349212A576E005804A4 /* gen */,
				076D6343212A564C005804A4 /* src */,
				076D634E212A5AB1005804A4 /* makefile */,
			);
			path = Cave_Story;
			sourceTree = "<group>";
		};
		076D6338212A534C005804A4 /* Frameworks */ = {
			isa = PBXGroup;
			children = (
				07BD84C3212BB66C004AFA3B /* SDL2_image.framework */,
				076D6339212A534C005804A4 /* SDL2.framework */,
			);
			name = Frameworks;
			sourceTree = "<group>";
		};
		076D6343212A564C005804A4 /* src */ = {
			isa = PBXGroup;
			children = (
				076D6340212A5614005804A4 /* main.cpp */,
				076D6344212A5667005804A4 /* game.cpp */,
				076D6345212A5667005804A4 /* game.hpp */,
				07B573A5212B1A0A007924D0 /* graphics.cpp */,
				07B573A6212B1A0A007924D0 /* graphics.hpp */,
				07BD84BD212B9623004AFA3B /* input.cpp */,
				07BD84BE212B9623004AFA3B /* input.hpp */,
				07BD84C5212BBA19004AFA3B /* sprite.cpp */,
				07BD84C6212BBA19004AFA3B /* sprite.hpp */,
				07BD84C8212BBEC8004AFA3B /* globals.h */,
				07C9382B212C8DA700D7A816 /* animatedSprite.cpp */,
				07C9382C212C8DA700D7A816 /* animatedSprite.hpp */,
				07C9382E212CF0A800D7A816 /* player.cpp */,
				07C9382F212CF0A800D7A816 /* player.hpp */,
				0767BAD5212DBC7E005E5E14 /* level.cpp */,
				0767BAD6212DBC7E005E5E14 /* level.hpp */,
			);
			path = src;
			sourceTree = "<group>";
		};
		076D6349212A576E005804A4 /* gen */ = {
			isa = PBXGroup;
			children = (
			);
			path = gen;
			sourceTree = "<group>";
		};
		076D634A212A57AB005804A4 /* content */ = {
			isa = PBXGroup;
			children = (
				0767BAD8212DBF1E005E5E14 /* backgrounds */,
				07BD84C0212BB492004AFA3B /* sprites */,
				07B573A2212B1935007924D0 /* MyChar.bmp */,
				07B573A4212B1935007924D0 /* PrtCave.bmp */,
				07B573A1212B1935007924D0 /* README.md */,
			);
			path = content;
			sourceTree = "<group>";
		};
		07BD84C0212BB492004AFA3B /* sprites */ = {
			isa = PBXGroup;
			children = (
				07BD84C2212BB54F004AFA3B /* MyChar.png */,
				07BD84C1212BB4B8004AFA3B /* MyChar.pbm */,
			);
			path = sprites;
			sourceTree = "<group>";
		};
/* End PBXGroup section */

/* Begin PBXNativeTarget section */
		076D632D212A5305005804A4 /* Cave_Story */ = {
			isa = PBXNativeTarget;
			buildConfigurationList = 076D6335212A5305005804A4 /* Build configuration list for PBXNativeTarget "Cave_Story" */;
			buildPhases = (
				076D632A212A5305005804A4 /* Sources */,
				076D632B212A5305005804A4 /* Frameworks */,
				076D632C212A5305005804A4 /* CopyFiles */,
			);
			buildRules = (
			);
			dependencies = (
			);
			name = Cave_Story;
			productName = Cave_Story;
			productReference = 076D632E212A5305005804A4 /* Cave_Story */;
			productType = "com.apple.product-type.tool";
		};
/* End PBXNativeTarget section */

/* Begin PBXProject section */
		076D6326212A5305005804A4 /* Project object */ = {
			isa = PBXProject;
			attributes = {
				LastUpgradeCheck = 0920;
				ORGANIZATIONNAME = "Erik Pontifex";
				TargetAttributes = {
					076D632D212A5305005804A4 = {
						CreatedOnToolsVersion = 9.2;
						ProvisioningStyle = Automatic;
					};
				};
			};
			buildConfigurationList = 076D6329212A5305005804A4 /* Build configuration list for PBXProject "Cave_Story" */;
			compatibilityVersion = "Xcode 8.0";
			developmentRegion = en;
			hasScannedForEncodings = 0;
			knownRegions = (
				en,
			);
			mainGroup = 076D6325212A5305005804A4;
			productRefGroup = 076D632F212A5305005804A4 /* Products */;
			projectDirPath = "";
			projectRoot = "";
			targets = (
				076D632D212A5305005804A4 /* Cave_Story */,
			);
		};
/* End PBXProject section */

/* Begin PBXSourcesBuildPhase section */
		076D632A212A5305005804A4 /* Sources */ = {
			isa = PBXSourcesBuildPhase;
			buildActionMask = 2147483647;
			files = (
				07C93830212CF0A800D7A816 /* player.cpp in Sources */,
				07C9382D212C8DA700D7A816 /* animatedSprite.cpp in Sources */,
				0767BAD7212DBC7E005E5E14 /* level.cpp in Sources */,
				076D6342212A5614005804A4 /* main.cpp in Sources */,
				076D6346212A5667005804A4 /* game.cpp in Sources */,
				07BD84C7212BBA19004AFA3B /* sprite.cpp in Sources */,
				07BD84BF212B9623004AFA3B /* input.cpp in Sources */,
				07B573A7212B1A0A007924D0 /* graphics.cpp in Sources */,
				076D634F212A5AB1005804A4 /* makefile in Sources */,
			);
			runOnlyForDeploymentPostprocessing = 0;
		};
/* End PBXSourcesBuildPhase section */

/* Begin XCBuildConfiguration section */
		076D6333212A5305005804A4 /* Debug */ = {
			isa = XCBuildConfiguration;
			buildSettings = {
				ALWAYS_SEARCH_USER_PATHS = NO;
				CLANG_ANALYZER_NONNULL = YES;
				CLANG_ANALYZER_NUMBER_OBJECT_CONVERSION = YES_AGGRESSIVE;
				CLANG_CXX_LANGUAGE_STANDARD = "gnu++14";
				CLANG_CXX_LIBRARY = "libc++";
				CLANG_ENABLE_MODULES = YES;
				CLANG_ENABLE_OBJC_ARC = YES;
				CLANG_WARN_BLOCK_CAPTURE_AUTORELEASING = YES;
				CLANG_WARN_BOOL_CONVERSION = YES;
				CLANG_WARN_COMMA = YES;
				CLANG_WARN_CONSTANT_CONVERSION = YES;
				CLANG_WARN_DIRECT_OBJC_ISA_USAGE = YES_ERROR;
				CLANG_WARN_DOCUMENTATION_COMMENTS = YES;
				CLANG_WARN_EMPTY_BODY = YES;
				CLANG_WARN_ENUM_CONVERSION = YES;
				CLANG_WARN_INFINITE_RECURSION = YES;
				CLANG_WARN_INT_CONVERSION = YES;
				CLANG_WARN_NON_LITERAL_NULL_CONVERSION = YES;
				CLANG_WARN_OBJC_LITERAL_CONVERSION = YES;
				CLANG_WARN_OBJC_ROOT_CLASS = YES_ERROR;
				CLANG_WARN_RANGE_LOOP_ANALYSIS = YES;
				CLANG_WARN_STRICT_PROTOTYPES = YES;
				CLANG_WARN_SUSPICIOUS_MOVE = YES;
				CLANG_WARN_UNGUARDED_AVAILABILITY = YES_AGGRESSIVE;
				CLANG_WARN_UNREACHABLE_CODE = YES;
				CLANG_WARN__DUPLICATE_METHOD_MATCH = YES;
				CODE_SIGN_IDENTITY = "-";
				COPY_PHASE_STRIP = NO;
				DEBUG_INFORMATION_FORMAT = dwarf;
				ENABLE_STRICT_OBJC_MSGSEND = YES;
				ENABLE_TESTABILITY = YES;
				GCC_C_LANGUAGE_STANDARD = gnu11;
				GCC_DYNAMIC_NO_PIC = NO;
				GCC_NO_COMMON_BLOCKS = YES;
				GCC_OPTIMIZATION_LEVEL = 0;
				GCC_PREPROCESSOR_DEFINITIONS = (
					"DEBUG=1",
					"$(inherited)",
				);
				GCC_WARN_64_TO_32_BIT_CONVERSION = YES;
				GCC_WARN_ABOUT_RETURN_TYPE = YES_ERROR;
				GCC_WARN_UNDECLARED_SELECTOR = YES;
				GCC_WARN_UNINITIALIZED_AUTOS = YES_AGGRESSIVE;
				GCC_WARN_UNUSED_FUNCTION = YES;
				GCC_WARN_UNUSED_VARIABLE = YES;
				MACOSX_DEPLOYMENT_TARGET = 10.13;
				MTL_ENABLE_DEBUG_INFO = YES;
				ONLY_ACTIVE_ARCH = YES;
				SDKROOT = macosx;
			};
			name = Debug;
		};
		076D6334212A5305005804A4 /* Release */ = {
			isa = XCBuildConfiguration;
			buildSettings = {
				ALWAYS_SEARCH_USER_PATHS = NO;
				CLANG_ANALYZER_NONNULL = YES;
				CLANG_ANALYZER_NUMBER_OBJECT_CONVERSION = YES_AGGRESSIVE;
				CLANG_CXX_LANGUAGE_STANDARD = "gnu++14";
				CLANG_CXX_LIBRARY = "libc++";
				CLANG_ENABLE_MODULES = YES;
				CLANG_ENABLE_OBJC_ARC = YES;
				CLANG_WARN_BLOCK_CAPTURE_AUTORELEASING = YES;
				CLANG_WARN_BOOL_CONVERSION = YES;
				CLANG_WARN_COMMA = YES;
				CLANG_WARN_CONSTANT_CONVERSION = YES;
				CLANG_WARN_DIRECT_OBJC_ISA_USAGE = YES_ERROR;
				CLANG_WARN_DOCUMENTATION_COMMENTS = YES;
				CLANG_WARN_EMPTY_BODY = YES;
				CLANG_WARN_ENUM_CONVERSION = YES;
				CLANG_WARN_INFINITE_RECURSION = YES;
				CLANG_WARN_INT_CONVERSION = YES;
				CLANG_WARN_NON_LITERAL_NULL_CONVERSION = YES;
				CLANG_WARN_OBJC_LITERAL_CONVERSION = YES;
				CLANG_WARN_OBJC_ROOT_CLASS = YES_ERROR;
				CLANG_WARN_RANGE_LOOP_ANALYSIS = YES;
				CLANG_WARN_STRICT_PROTOTYPES = YES;
				CLANG_WARN_SUSPICIOUS_MOVE = YES;
				CLANG_WARN_UNGUARDED_AVAILABILITY = YES_AGGRESSIVE;
				CLANG_WARN_UNREACHABLE_CODE = YES;
				CLANG_WARN__DUPLICATE_METHOD_MATCH = YES;
				CODE_SIGN_IDENTITY = "-";
				COPY_PHASE_STRIP = NO;
				DEBUG_INFORMATION_FORMAT = "dwarf-with-dsym";
				ENABLE_NS_ASSERTIONS = NO;
				ENABLE_STRICT_OBJC_MSGSEND = YES;
				GCC_C_LANGUAGE_STANDARD = gnu11;
				GCC_NO_COMMON_BLOCKS = YES;
				GCC_WARN_64_TO_32_BIT_CONVERSION = YES;
				GCC_WARN_ABOUT_RETURN_TYPE = YES_ERROR;
				GCC_WARN_UNDECLARED_SELECTOR = YES;
				GCC_WARN_UNINITIALIZED_AUTOS = YES_AGGRESSIVE;
				GCC_WARN_UNUSED_FUNCTION = YES;
				GCC_WARN_UNUSED_VARIABLE = YES;
				MACOSX_DEPLOYMENT_TARGET = 10.13;
				MTL_ENABLE_DEBUG_INFO = NO;
				SDKROOT = macosx;
			};
			name = Release;
		};
		076D6336212A5305005804A4 /* Debug */ = {
			isa = XCBuildConfiguration;
			buildSettings = {
				CODE_SIGN_STYLE = Automatic;
				FRAMEWORK_SEARCH_PATHS = (
					"$(inherited)",
					"$(LOCAL_LIBRARY_DIR)/Frameworks",
				);
				PRODUCT_NAME = "$(TARGET_NAME)";
			};
			name = Debug;
		};
		076D6337212A5305005804A4 /* Release */ = {
			isa = XCBuildConfiguration;
			buildSettings = {
				CODE_SIGN_STYLE = Automatic;
				FRAMEWORK_SEARCH_PATHS = (
					"$(inherited)",
					"$(LOCAL_LIBRARY_DIR)/Frameworks",
				);
				PRODUCT_NAME = "$(TARGET_NAME)";
			};
			name = Release;
		};
/* End XCBuildConfiguration section */

/* Begin XCConfigurationList section */
		076D6329212A5305005804A4 /* Build configuration list for PBXProject "Cave_Story" */ = {
			isa = XCConfigurationList;
			buildConfigurations = (
				076D6333212A5305005804A4 /* Debug */,
				076D6334212A5305005804A4 /* Release */,
			);
			defaultConfigurationIsVisible = 0;
			defaultConfigurationName = Release;
		};
		076D6335212A5305005804A4 /* Build configuration list for PBXNativeTarget "Cave_Story" */ = {
			isa = XCConfigurationList;
			buildConfigurations = (
				076D6336212A5305005804A4 /* Debug */,
				076D6337212A5305005804A4 /* Release */,
			);
			defaultConfigurationIsVisible = 0;
			defaultConfigurationName = Release;
		};
/* End XCConfigurationList section */
	};
	rootObject = 076D6326212A5305005804A4 /* Project object */;
}
